
Microsoft Visual Studio Solution File, Format Version 12.00
# Visual Studio Version 17
VisualStudioVersion = 17.7.34024.191
MinimumVisualStudioVersion = 10.0.40219.1
Project("{8BC9CEB8-8B4A-11D0-8D11-00A0C91BC942}") = "2024.04.18-test", "2024.04.18-test\2024.04.18-test.vcxproj", "{DBA1BF64-23F1-41B7-B6B3-2E5ECC890D8C}"
EndProject
Global
	GlobalSection(SolutionConfigurationPlatforms) = preSolution
		Debug|x64 = Debug|x64
		Debug|x86 = Debug|x86
		Release|x64 = Release|x64
		Release|x86 = Release|x86
	EndGlobalSection
	GlobalSection(ProjectConfigurationPlatforms) = postSolution
		{DBA1BF64-23F1-41B7-B6B3-2E5ECC890D8C}.Debug|x64.ActiveCfg = Debug|x64
		{DBA1BF64-23F1-41B7-B6B3-2E5ECC890D8C}.Debug|x64.Build.0 = Debug|x64
		{DBA1BF64-23F1-41B7-B6B3-2E5ECC890D8C}.Debug|x86.ActiveCfg = Debug|Win32
		{DBA1BF64-23F1-41B7-B6B3-2E5ECC890D8C}.Debug|x86.Build.0 = Debug|Win32
		{DBA1BF64-23F1-41B7-B6B3-2E5ECC890D8C}.Release|x64.ActiveCfg = Release|x64
		{DBA1BF64-23F1-41B7-B6B3-2E5ECC890D8C}.Release|x64.Build.0 = Release|x64
		{DBA1BF64-23F1-41B7-B6B3-2E5ECC890D8C}.Release|x86.ActiveCfg = Release|Win32
		{DBA1BF64-23F1-41B7-B6B3-2E5ECC890D8C}.Release|x86.Build.0 = Release|Win32
	EndGlobalSection
	GlobalSection(SolutionProperties) = preSolution
		HideSolutionNode = FALSE
	EndGlobalSection
	GlobalSection(ExtensibilityGlobals) = postSolution
		SolutionGuid = {9638619C-2D92-476D-AEBA-FEB5A7CAC557}
	EndGlobalSection
EndGlobal
