
Microsoft Visual Studio Solution File, Format Version 12.00
# Visual Studio Version 17
VisualStudioVersion = 17.7.34024.191
MinimumVisualStudioVersion = 10.0.40219.1
Project("{8BC9CEB8-8B4A-11D0-8D11-00A0C91BC942}") = "task1", "2024.03.29-8\2024.03.29-8.vcxproj", "{999F5FCB-46CD-4072-B099-9855B886D096}"
EndProject
Project("{8BC9CEB8-8B4A-11D0-8D11-00A0C91BC942}") = "task9", "task9\task9.vcxproj", "{1B92A920-8D37-4366-8653-0B1540E4D431}"
EndProject
Project("{8BC9CEB8-8B4A-11D0-8D11-00A0C91BC942}") = "task10.1", "task10.1\task10.1.vcxproj", "{97088466-9300-439F-965D-451F32994C19}"
EndProject
Project("{8BC9CEB8-8B4A-11D0-8D11-00A0C91BC942}") = "task11", "task11\task11.vcxproj", "{4F66F040-B8E2-413C-A786-D040EB94131F}"
EndProject
Project("{8BC9CEB8-8B4A-11D0-8D11-00A0C91BC942}") = "task12", "task12\task12.vcxproj", "{D6A16757-27CD-4062-84F1-52253D62F853}"
EndProject
Project("{8BC9CEB8-8B4A-11D0-8D11-00A0C91BC942}") = "task13", "task13\task13.vcxproj", "{15234B80-7AF5-4C7F-AF4B-A2F2EDF8CB2F}"
EndProject
Project("{8BC9CEB8-8B4A-11D0-8D11-00A0C91BC942}") = "task8.1", "task8.1\task8.1.vcxproj", "{4887C6BB-CCDD-4CB2-9D99-CA6E5CAFF553}"
EndProject
Project("{8BC9CEB8-8B4A-11D0-8D11-00A0C91BC942}") = "task14", "task14\task14.vcxproj", "{ADC9E0BD-0696-4DB1-A611-F56919BDE574}"
EndProject
Project("{8BC9CEB8-8B4A-11D0-8D11-00A0C91BC942}") = "task16", "task16\task16.vcxproj", "{DA42D550-5523-44C5-BBA6-3656310BFE12}"
EndProject
Project("{8BC9CEB8-8B4A-11D0-8D11-00A0C91BC942}") = "task2", "task2\task2.vcxproj", "{D0E7B881-C514-4A90-93F1-3978A2ED60A3}"
EndProject
Project("{8BC9CEB8-8B4A-11D0-8D11-00A0C91BC942}") = "task3", "task3\task3.vcxproj", "{CD374F54-C265-4C54-B78C-5DAD5941F4E5}"
EndProject
Global
	GlobalSection(SolutionConfigurationPlatforms) = preSolution
		Debug|x64 = Debug|x64
		Debug|x86 = Debug|x86
		Release|x64 = Release|x64
		Release|x86 = Release|x86
	EndGlobalSection
	GlobalSection(ProjectConfigurationPlatforms) = postSolution
		{999F5FCB-46CD-4072-B099-9855B886D096}.Debug|x64.ActiveCfg = Debug|x64
		{999F5FCB-46CD-4072-B099-9855B886D096}.Debug|x64.Build.0 = Debug|x64
		{999F5FCB-46CD-4072-B099-9855B886D096}.Debug|x86.ActiveCfg = Debug|Win32
		{999F5FCB-46CD-4072-B099-9855B886D096}.Debug|x86.Build.0 = Debug|Win32
		{999F5FCB-46CD-4072-B099-9855B886D096}.Release|x64.ActiveCfg = Release|x64
		{999F5FCB-46CD-4072-B099-9855B886D096}.Release|x64.Build.0 = Release|x64
		{999F5FCB-46CD-4072-B099-9855B886D096}.Release|x86.ActiveCfg = Release|Win32
		{999F5FCB-46CD-4072-B099-9855B886D096}.Release|x86.Build.0 = Release|Win32
		{1B92A920-8D37-4366-8653-0B1540E4D431}.Debug|x64.ActiveCfg = Debug|x64
		{1B92A920-8D37-4366-8653-0B1540E4D431}.Debug|x64.Build.0 = Debug|x64
		{1B92A920-8D37-4366-8653-0B1540E4D431}.Debug|x86.ActiveCfg = Debug|Win32
		{1B92A920-8D37-4366-8653-0B1540E4D431}.Debug|x86.Build.0 = Debug|Win32
		{1B92A920-8D37-4366-8653-0B1540E4D431}.Release|x64.ActiveCfg = Release|x64
		{1B92A920-8D37-4366-8653-0B1540E4D431}.Release|x64.Build.0 = Release|x64
		{1B92A920-8D37-4366-8653-0B1540E4D431}.Release|x86.ActiveCfg = Release|Win32
		{1B92A920-8D37-4366-8653-0B1540E4D431}.Release|x86.Build.0 = Release|Win32
		{97088466-9300-439F-965D-451F32994C19}.Debug|x64.ActiveCfg = Debug|x64
		{97088466-9300-439F-965D-451F32994C19}.Debug|x64.Build.0 = Debug|x64
		{97088466-9300-439F-965D-451F32994C19}.Debug|x86.ActiveCfg = Debug|Win32
		{97088466-9300-439F-965D-451F32994C19}.Debug|x86.Build.0 = Debug|Win32
		{97088466-9300-439F-965D-451F32994C19}.Release|x64.ActiveCfg = Release|x64
		{97088466-9300-439F-965D-451F32994C19}.Release|x64.Build.0 = Release|x64
		{97088466-9300-439F-965D-451F32994C19}.Release|x86.ActiveCfg = Release|Win32
		{97088466-9300-439F-965D-451F32994C19}.Release|x86.Build.0 = Release|Win32
		{4F66F040-B8E2-413C-A786-D040EB94131F}.Debug|x64.ActiveCfg = Debug|x64
		{4F66F040-B8E2-413C-A786-D040EB94131F}.Debug|x64.Build.0 = Debug|x64
		{4F66F040-B8E2-413C-A786-D040EB94131F}.Debug|x86.ActiveCfg = Debug|Win32
		{4F66F040-B8E2-413C-A786-D040EB94131F}.Debug|x86.Build.0 = Debug|Win32
		{4F66F040-B8E2-413C-A786-D040EB94131F}.Release|x64.ActiveCfg = Release|x64
		{4F66F040-B8E2-413C-A786-D040EB94131F}.Release|x64.Build.0 = Release|x64
		{4F66F040-B8E2-413C-A786-D040EB94131F}.Release|x86.ActiveCfg = Release|Win32
		{4F66F040-B8E2-413C-A786-D040EB94131F}.Release|x86.Build.0 = Release|Win32
		{D6A16757-27CD-4062-84F1-52253D62F853}.Debug|x64.ActiveCfg = Debug|x64
		{D6A16757-27CD-4062-84F1-52253D62F853}.Debug|x64.Build.0 = Debug|x64
		{D6A16757-27CD-4062-84F1-52253D62F853}.Debug|x86.ActiveCfg = Debug|Win32
		{D6A16757-27CD-4062-84F1-52253D62F853}.Debug|x86.Build.0 = Debug|Win32
		{D6A16757-27CD-4062-84F1-52253D62F853}.Release|x64.ActiveCfg = Release|x64
		{D6A16757-27CD-4062-84F1-52253D62F853}.Release|x64.Build.0 = Release|x64
		{D6A16757-27CD-4062-84F1-52253D62F853}.Release|x86.ActiveCfg = Release|Win32
		{D6A16757-27CD-4062-84F1-52253D62F853}.Release|x86.Build.0 = Release|Win32
		{15234B80-7AF5-4C7F-AF4B-A2F2EDF8CB2F}.Debug|x64.ActiveCfg = Debug|x64
		{15234B80-7AF5-4C7F-AF4B-A2F2EDF8CB2F}.Debug|x64.Build.0 = Debug|x64
		{15234B80-7AF5-4C7F-AF4B-A2F2EDF8CB2F}.Debug|x86.ActiveCfg = Debug|Win32
		{15234B80-7AF5-4C7F-AF4B-A2F2EDF8CB2F}.Debug|x86.Build.0 = Debug|Win32
		{15234B80-7AF5-4C7F-AF4B-A2F2EDF8CB2F}.Release|x64.ActiveCfg = Release|x64
		{15234B80-7AF5-4C7F-AF4B-A2F2EDF8CB2F}.Release|x64.Build.0 = Release|x64
		{15234B80-7AF5-4C7F-AF4B-A2F2EDF8CB2F}.Release|x86.ActiveCfg = Release|Win32
		{15234B80-7AF5-4C7F-AF4B-A2F2EDF8CB2F}.Release|x86.Build.0 = Release|Win32
		{4887C6BB-CCDD-4CB2-9D99-CA6E5CAFF553}.Debug|x64.ActiveCfg = Debug|x64
		{4887C6BB-CCDD-4CB2-9D99-CA6E5CAFF553}.Debug|x64.Build.0 = Debug|x64
		{4887C6BB-CCDD-4CB2-9D99-CA6E5CAFF553}.Debug|x86.ActiveCfg = Debug|Win32
		{4887C6BB-CCDD-4CB2-9D99-CA6E5CAFF553}.Debug|x86.Build.0 = Debug|Win32
		{4887C6BB-CCDD-4CB2-9D99-CA6E5CAFF553}.Release|x64.ActiveCfg = Release|x64
		{4887C6BB-CCDD-4CB2-9D99-CA6E5CAFF553}.Release|x64.Build.0 = Release|x64
		{4887C6BB-CCDD-4CB2-9D99-CA6E5CAFF553}.Release|x86.ActiveCfg = Release|Win32
		{4887C6BB-CCDD-4CB2-9D99-CA6E5CAFF553}.Release|x86.Build.0 = Release|Win32
		{ADC9E0BD-0696-4DB1-A611-F56919BDE574}.Debug|x64.ActiveCfg = Debug|x64
		{ADC9E0BD-0696-4DB1-A611-F56919BDE574}.Debug|x64.Build.0 = Debug|x64
		{ADC9E0BD-0696-4DB1-A611-F56919BDE574}.Debug|x86.ActiveCfg = Debug|Win32
		{ADC9E0BD-0696-4DB1-A611-F56919BDE574}.Debug|x86.Build.0 = Debug|Win32
		{ADC9E0BD-0696-4DB1-A611-F56919BDE574}.Release|x64.ActiveCfg = Release|x64
		{ADC9E0BD-0696-4DB1-A611-F56919BDE574}.Release|x64.Build.0 = Release|x64
		{ADC9E0BD-0696-4DB1-A611-F56919BDE574}.Release|x86.ActiveCfg = Release|Win32
		{ADC9E0BD-0696-4DB1-A611-F56919BDE574}.Release|x86.Build.0 = Release|Win32
		{DA42D550-5523-44C5-BBA6-3656310BFE12}.Debug|x64.ActiveCfg = Debug|x64
		{DA42D550-5523-44C5-BBA6-3656310BFE12}.Debug|x64.Build.0 = Debug|x64
		{DA42D550-5523-44C5-BBA6-3656310BFE12}.Debug|x86.ActiveCfg = Debug|Win32
		{DA42D550-5523-44C5-BBA6-3656310BFE12}.Debug|x86.Build.0 = Debug|Win32
		{DA42D550-5523-44C5-BBA6-3656310BFE12}.Release|x64.ActiveCfg = Release|x64
		{DA42D550-5523-44C5-BBA6-3656310BFE12}.Release|x64.Build.0 = Release|x64
		{DA42D550-5523-44C5-BBA6-3656310BFE12}.Release|x86.ActiveCfg = Release|Win32
		{DA42D550-5523-44C5-BBA6-3656310BFE12}.Release|x86.Build.0 = Release|Win32
		{D0E7B881-C514-4A90-93F1-3978A2ED60A3}.Debug|x64.ActiveCfg = Debug|x64
		{D0E7B881-C514-4A90-93F1-3978A2ED60A3}.Debug|x64.Build.0 = Debug|x64
		{D0E7B881-C514-4A90-93F1-3978A2ED60A3}.Debug|x86.ActiveCfg = Debug|Win32
		{D0E7B881-C514-4A90-93F1-3978A2ED60A3}.Debug|x86.Build.0 = Debug|Win32
		{D0E7B881-C514-4A90-93F1-3978A2ED60A3}.Release|x64.ActiveCfg = Release|x64
		{D0E7B881-C514-4A90-93F1-3978A2ED60A3}.Release|x64.Build.0 = Release|x64
		{D0E7B881-C514-4A90-93F1-3978A2ED60A3}.Release|x86.ActiveCfg = Release|Win32
		{D0E7B881-C514-4A90-93F1-3978A2ED60A3}.Release|x86.Build.0 = Release|Win32
		{CD374F54-C265-4C54-B78C-5DAD5941F4E5}.Debug|x64.ActiveCfg = Debug|x64
		{CD374F54-C265-4C54-B78C-5DAD5941F4E5}.Debug|x64.Build.0 = Debug|x64
		{CD374F54-C265-4C54-B78C-5DAD5941F4E5}.Debug|x86.ActiveCfg = Debug|Win32
		{CD374F54-C265-4C54-B78C-5DAD5941F4E5}.Debug|x86.Build.0 = Debug|Win32
		{CD374F54-C265-4C54-B78C-5DAD5941F4E5}.Release|x64.ActiveCfg = Release|x64
		{CD374F54-C265-4C54-B78C-5DAD5941F4E5}.Release|x64.Build.0 = Release|x64
		{CD374F54-C265-4C54-B78C-5DAD5941F4E5}.Release|x86.ActiveCfg = Release|Win32
		{CD374F54-C265-4C54-B78C-5DAD5941F4E5}.Release|x86.Build.0 = Release|Win32
	EndGlobalSection
	GlobalSection(SolutionProperties) = preSolution
		HideSolutionNode = FALSE
	EndGlobalSection
	GlobalSection(ExtensibilityGlobals) = postSolution
		SolutionGuid = {373FC847-1749-430D-BA07-BFDC71C4A701}
	EndGlobalSection
EndGlobal
